{
  "version": 4,
  "terraform_version": "0.13.5",
  "serial": 657,
  "lineage": "da095cd7-f490-eab0-aa0b-fda7ffa9500e",
  "outputs": {
    "asg": {
      "value": "komali_msproject-frontend",
      "type": "string"
    },
    "aws_sg": {
      "value": {
        "arn": "arn:aws:ec2:eu-west-2:221353196223:security-group/sg-0e6158b5d07711789",
        "description": "Managed by Terraform",
        "egress": [],
        "id": "sg-0e6158b5d07711789",
        "ingress": [],
        "name": "komali_msproject-node",
        "name_prefix": "",
        "owner_id": "221353196223",
        "revoke_rules_on_delete": false,
        "tags": {
          "Name": "komali_msproject"
        },
        "tags_all": {
          "Name": "komali_msproject"
        },
        "timeouts": null,
        "vpc_id": "vpc-0ea711c60c4bc47a1"
      },
      "type": [
        "object",
        {
          "arn": "string",
          "description": "string",
          "egress": [
            "set",
            [
              "object",
              {
                "cidr_blocks": [
                  "list",
                  "string"
                ],
                "description": "string",
                "from_port": "number",
                "ipv6_cidr_blocks": [
                  "list",
                  "string"
                ],
                "prefix_list_ids": [
                  "list",
                  "string"
                ],
                "protocol": "string",
                "security_groups": [
                  "set",
                  "string"
                ],
                "self": "bool",
                "to_port": "number"
              }
            ]
          ],
          "id": "string",
          "ingress": [
            "set",
            [
              "object",
              {
                "cidr_blocks": [
                  "list",
                  "string"
                ],
                "description": "string",
                "from_port": "number",
                "ipv6_cidr_blocks": [
                  "list",
                  "string"
                ],
                "prefix_list_ids": [
                  "list",
                  "string"
                ],
                "protocol": "string",
                "security_groups": [
                  "set",
                  "string"
                ],
                "self": "bool",
                "to_port": "number"
              }
            ]
          ],
          "name": "string",
          "name_prefix": "string",
          "owner_id": "string",
          "revoke_rules_on_delete": "bool",
          "tags": [
            "map",
            "string"
          ],
          "tags_all": [
            "map",
            "string"
          ],
          "timeouts": [
            "object",
            {
              "create": "string",
              "delete": "string"
            }
          ],
          "vpc_id": "string"
        }
      ]
    },
    "aws_sg_role": {
      "value": {
        "cidr_blocks": [
          "0.0.0.0/0"
        ],
        "description": null,
        "from_port": 0,
        "id": "sgrule-3978978140",
        "ipv6_cidr_blocks": null,
        "prefix_list_ids": null,
        "protocol": "-1",
        "security_group_id": "sg-0e6158b5d07711789",
        "self": false,
        "source_security_group_id": null,
        "to_port": 0,
        "type": "ingress"
      },
      "type": [
        "object",
        {
          "cidr_blocks": [
            "list",
            "string"
          ],
          "description": "string",
          "from_port": "number",
          "id": "string",
          "ipv6_cidr_blocks": [
            "list",
            "string"
          ],
          "prefix_list_ids": [
            "list",
            "string"
          ],
          "protocol": "string",
          "security_group_id": "string",
          "self": "bool",
          "source_security_group_id": "string",
          "to_port": "number",
          "type": "string"
        }
      ]
    },
    "default_rt": {
      "value": "rtb-0e29f5c16d96c9dba",
      "type": "string"
    },
    "iam_instance_profile": {
      "value": "komali_msproject_instance_profile",
      "type": "string"
    },
    "iam_role": {
      "value": "komali_msproject_node",
      "type": "string"
    },
    "iam_role_policy_attachment": {
      "value": {
        "id": "komali_msproject_node-20210919110437983400000001",
        "policy_arn": "arn:aws:iam::aws:policy/AmazonSSMManagedInstanceCore",
        "role": "komali_msproject_node"
      },
      "type": [
        "object",
        {
          "id": "string",
          "policy_arn": "string",
          "role": "string"
        }
      ]
    },
    "igw": {
      "value": "igw-095575ce04fba6727",
      "type": "string"
    },
    "instance": {
      "value": "vpc-0ea711c60c4bc47a1",
      "type": "string"
    },
    "launch_template": {
      "value": "lt-05328af214b82b3dd",
      "type": "string"
    },
    "rt": {
      "value": "rtb-0380ed99f1df6e81a",
      "type": "string"
    },
    "subnet": {
      "value": "subnet-07aeebe24b971303f",
      "type": "string"
    },
    "vpc": {
      "value": "vpc-0ea711c60c4bc47a1",
      "type": "string"
    }
  },
  "resources": [
    {
      "mode": "managed",
      "type": "aws_autoscaling_group",
      "name": "asg",
      "provider": "provider[\"registry.terraform.io/hashicorp/aws\"]",
      "instances": [
        {
          "schema_version": 0,
          "attributes": {
            "arn": "arn:aws:autoscaling:eu-west-2:221353196223:autoScalingGroup:a0966f04-76e8-4344-8007-2bd7403a3dca:autoScalingGroupName/komali_msproject-frontend",
            "availability_zones": [
              "eu-west-2a",
              "eu-west-2b"
            ],
            "capacity_rebalance": false,
            "default_cooldown": 300,
            "desired_capacity": 0,
            "enabled_metrics": null,
            "force_delete": false,
            "force_delete_warm_pool": false,
            "health_check_grace_period": 300,
            "health_check_type": "EC2",
            "id": "komali_msproject-frontend",
            "initial_lifecycle_hook": [],
            "instance_refresh": [],
            "launch_configuration": "",
            "launch_template": [
              {
                "id": "lt-05328af214b82b3dd",
                "name": "komali_msproject-frontend",
                "version": "$Latest"
              }
            ],
            "load_balancers": null,
            "max_instance_lifetime": 0,
            "max_size": 3,
            "metrics_granularity": "1Minute",
            "min_elb_capacity": null,
            "min_size": 0,
            "mixed_instances_policy": [],
            "name": "komali_msproject-frontend",
            "name_prefix": "",
            "placement_group": "",
            "protect_from_scale_in": false,
            "service_linked_role_arn": "arn:aws:iam::221353196223:role/aws-service-role/autoscaling.amazonaws.com/AWSServiceRoleForAutoScaling",
            "suspended_processes": null,
            "tag": [
              {
                "key": "Name",
                "propagate_at_launch": true,
                "value": "komali_msproject"
              }
            ],
            "tags": null,
            "target_group_arns": null,
            "termination_policies": null,
            "timeouts": null,
            "vpc_zone_identifier": [
              "subnet-07aeebe24b971303f",
              "subnet-0c6e6395f6b656596"
            ],
            "wait_for_capacity_timeout": "10m",
            "wait_for_elb_capacity": null,
            "warm_pool": []
          },
          "private": "eyJlMmJmYjczMC1lY2FhLTExZTYtOGY4OC0zNDM2M2JjN2M0YzAiOnsiZGVsZXRlIjo2MDAwMDAwMDAwMDB9fQ==",
          "dependencies": [
            "aws_iam_instance_profile.node",
            "aws_iam_role.node",
            "aws_key_pair.komali_keypair",
            "aws_launch_template.frontend",
            "aws_security_group.node",
            "aws_subnet.public",
            "aws_subnet.public1",
            "aws_vpc.vpc"
          ]
        }
      ]
    },
    {
      "mode": "managed",
      "type": "aws_default_route_table",
      "name": "defrt",
      "provider": "provider[\"registry.terraform.io/hashicorp/aws\"]",
      "instances": [
        {
          "schema_version": 0,
          "attributes": {
            "arn": "arn:aws:ec2:eu-west-2:221353196223:route-table/rtb-0e29f5c16d96c9dba",
            "default_route_table_id": "rtb-0e29f5c16d96c9dba",
            "id": "rtb-0e29f5c16d96c9dba",
            "owner_id": "221353196223",
            "propagating_vgws": null,
            "route": [
              {
                "cidr_block": "0.0.0.0/0",
                "destination_prefix_list_id": "",
                "egress_only_gateway_id": "",
                "gateway_id": "igw-095575ce04fba6727",
                "instance_id": "",
                "ipv6_cidr_block": "",
                "nat_gateway_id": "",
                "network_interface_id": "",
                "transit_gateway_id": "",
                "vpc_endpoint_id": "",
                "vpc_peering_connection_id": ""
              }
            ],
            "tags": {
              "Name": "komali_msproject-public"
            },
            "tags_all": {
              "Name": "komali_msproject-public"
            },
            "vpc_id": "vpc-0ea711c60c4bc47a1"
          },
          "private": "bnVsbA==",
          "dependencies": [
            "aws_internet_gateway.internet_gateway",
            "aws_vpc.vpc"
          ]
        }
      ]
    },
    {
      "mode": "managed",
      "type": "aws_iam_instance_profile",
      "name": "node",
      "provider": "provider[\"registry.terraform.io/hashicorp/aws\"]",
      "instances": [
        {
          "schema_version": 0,
          "attributes": {
            "arn": "arn:aws:iam::221353196223:instance-profile/komali_msproject_instance_profile",
            "create_date": "2021-09-19T11:04:37Z",
            "id": "komali_msproject_instance_profile",
            "name": "komali_msproject_instance_profile",
            "name_prefix": null,
            "path": "/",
            "role": "komali_msproject_node",
            "tags": {
              "Name": "komali_msproject"
            },
            "tags_all": {
              "Name": "komali_msproject"
            },
            "unique_id": "AIPATHCNNXK7WLOSQQG5L"
          },
          "private": "bnVsbA==",
          "dependencies": [
            "aws_iam_role.node"
          ]
        }
      ]
    },
    {
      "mode": "managed",
      "type": "aws_iam_role",
      "name": "node",
      "provider": "provider[\"registry.terraform.io/hashicorp/aws\"]",
      "instances": [
        {
          "schema_version": 0,
          "attributes": {
            "arn": "arn:aws:iam::221353196223:role/komali_msproject_node",
            "assume_role_policy": "{\"Version\":\"2012-10-17\",\"Statement\":[{\"Sid\":\"\",\"Effect\":\"Allow\",\"Principal\":{\"Service\":\"ec2.amazonaws.com\"},\"Action\":\"sts:AssumeRole\"}]}",
            "create_date": "2021-09-19T11:04:32Z",
            "description": "",
            "force_detach_policies": false,
            "id": "komali_msproject_node",
            "inline_policy": [
              {
                "name": "",
                "policy": ""
              }
            ],
            "managed_policy_arns": [],
            "max_session_duration": 3600,
            "name": "komali_msproject_node",
            "name_prefix": null,
            "path": "/",
            "permissions_boundary": null,
            "tags": {
              "Name": "komali_msproject"
            },
            "tags_all": {
              "Name": "komali_msproject"
            },
            "unique_id": "AROATHCNNXK7VXU75CFKG"
          },
          "private": "bnVsbA=="
        }
      ]
    },
    {
      "mode": "managed",
      "type": "aws_iam_role_policy_attachment",
      "name": "node",
      "provider": "provider[\"registry.terraform.io/hashicorp/aws\"]",
      "instances": [
        {
          "schema_version": 0,
          "attributes": {
            "id": "komali_msproject_node-20210919110437983400000001",
            "policy_arn": "arn:aws:iam::aws:policy/AmazonSSMManagedInstanceCore",
            "role": "komali_msproject_node"
          },
          "private": "bnVsbA==",
          "dependencies": [
            "aws_iam_role.node"
          ]
        }
      ]
    },
    {
      "mode": "managed",
      "type": "aws_internet_gateway",
      "name": "internet_gateway",
      "provider": "provider[\"registry.terraform.io/hashicorp/aws\"]",
      "instances": [
        {
          "schema_version": 0,
          "attributes": {
            "arn": "arn:aws:ec2:eu-west-2:221353196223:internet-gateway/igw-095575ce04fba6727",
            "id": "igw-095575ce04fba6727",
            "owner_id": "221353196223",
            "tags": {
              "Name": "komali_msproject"
            },
            "tags_all": {
              "Name": "komali_msproject"
            },
            "vpc_id": "vpc-0ea711c60c4bc47a1"
          },
          "private": "bnVsbA==",
          "dependencies": [
            "aws_vpc.vpc"
          ]
        }
      ]
    },
    {
      "mode": "managed",
      "type": "aws_key_pair",
      "name": "komali_keypair",
      "provider": "provider[\"registry.terraform.io/hashicorp/aws\"]",
      "instances": [
        {
          "schema_version": 1,
          "attributes": {
            "arn": "arn:aws:ec2:eu-west-2:221353196223:key-pair/komali_keypair",
            "fingerprint": "ae:68:38:dd:68:57:18:d3:d3:b0:43:be:85:89:85:54",
            "id": "komali_keypair",
            "key_name": "komali_keypair",
            "key_name_prefix": null,
            "key_pair_id": "key-0898d4aa4290d0719",
            "public_key": "ssh-rsa AAAAB3NzaC1yc2EAAAABJQAAAQEAzYkajJtBmhCfx5f2fvO15gjHnlsfUgKnmUdPM51eQxoRTMGELee5PS+jOFfCcbXTnxIDSHXqn1Ai3THSNf4Z8FoMNgTEt1KG0BPgVTmTOABHd3AHPSeEvvXvqOV8zUpAId3ylbvAY96H2I12X4x2v1vaeCORjMgk8GQZvvvGC0B/JgAcrHA9et9AlMY7KYf69KJaBJkkKUsyezQ7u6LrUqbLiL8z6fyTdSp+5ZzEe3UyuEF4YsdWYbY7jOPWn1m8l0EkGtmMdQL99INYX6nrQbQgmg5K4kFUvYuOvVlloRuuM/H2iKn5Wfds/3xjt1KGkoxbqEfX4k3p4EWezIO59Q== rsa-key-20201105",
            "tags": null,
            "tags_all": {}
          },
          "private": "eyJzY2hlbWFfdmVyc2lvbiI6IjEifQ=="
        }
      ]
    },
    {
      "mode": "managed",
      "type": "aws_launch_template",
      "name": "frontend",
      "provider": "provider[\"registry.terraform.io/hashicorp/aws\"]",
      "instances": [
        {
          "schema_version": 0,
          "attributes": {
            "arn": "arn:aws:ec2:eu-west-2:221353196223:launch-template/lt-05328af214b82b3dd",
            "block_device_mappings": [],
            "capacity_reservation_specification": [],
            "cpu_options": [],
            "credit_specification": [],
            "default_version": 1,
            "description": "",
            "disable_api_termination": false,
            "ebs_optimized": "",
            "elastic_gpu_specifications": [],
            "elastic_inference_accelerator": [],
            "enclave_options": [],
            "hibernation_options": [],
            "iam_instance_profile": [
              {
                "arn": "",
                "name": "komali_msproject_instance_profile"
              }
            ],
            "id": "lt-05328af214b82b3dd",
            "image_id": "ami-03ac5a9b225e99b02",
            "instance_initiated_shutdown_behavior": "",
            "instance_market_options": [],
            "instance_type": "t2.micro",
            "kernel_id": "",
            "key_name": "komali_keypair",
            "latest_version": 1,
            "license_specification": [],
            "metadata_options": [],
            "monitoring": [],
            "name": "komali_msproject-frontend",
            "name_prefix": "",
            "network_interfaces": [
              {
                "associate_carrier_ip_address": "",
                "associate_public_ip_address": "true",
                "delete_on_termination": "",
                "description": "",
                "device_index": 0,
                "interface_type": "",
                "ipv4_address_count": 0,
                "ipv4_addresses": null,
                "ipv6_address_count": 0,
                "ipv6_addresses": null,
                "network_interface_id": "",
                "private_ip_address": "",
                "security_groups": [
                  "sg-0e6158b5d07711789"
                ],
                "subnet_id": ""
              }
            ],
            "placement": [],
            "ram_disk_id": "",
            "security_group_names": null,
            "tag_specifications": [
              {
                "resource_type": "volume",
                "tags": {
                  "Name": "komali_msproject"
                }
              },
              {
                "resource_type": "instance",
                "tags": {
                  "Name": "komali_msproject"
                }
              }
            ],
            "tags": {
              "Name": "komali_msproject"
            },
            "tags_all": {
              "Name": "komali_msproject"
            },
            "update_default_version": null,
            "user_data": "IyEvdXNyL2Jpbi9lbnYgYmFzaAoKc2V0IC1lb3V4IHBpcGVmYWlsCgpzdWRvIHl1bSB1cGRhdGUgLXkKc3VkbyB5dW0gaW5zdGFsbCAteSBodHRwZAoKY2F0IDw8RU9GID4gL3Zhci93d3cvaHRtbC9pbmRleC5odG1sCjxodG1sPgo8VElUTEU+JChob3N0bmFtZSk8L1RJVExFPgo8aGVhZD4KPGJvZHkgc3R5bGU9ImJhY2tncm91bmQtY29sb3I6TGlnaHRHcmF5O2ZvbnQtZmFtaWx5OiBIZWx2ZXRpY2EsIHNhbnMtc2VyaWY7Ij4KPGNlbnRlcj48Yj48aDE+VU5JVkVSU0lUWSBPRiBIRVJURk9SRFNISVJFIDwvaDE+CjxoMT5TY2hvb2wgb2YgQ29tcHV0ZXIgU2NpZW5jZSA8L2gxPjwvYj4KPC9jZW50ZXI+PGJyPgo8Y2VudGVyPjxiPjxoMj5NU2MgQWR2YW5jZWQgQ29tcHV0ZXIgU2NpZW5jZSA8L2gyPgo8aDI+d2l0aCBTYW5kd2ljaCBQbGFjZW1lbnQgPC9oMj48L2I+PC9icj4KPGNlbnRlcj48Yj48aDI+N0NPTTEwMzktIEFkdmFuY2VkIENvbXB1dGVyIFNjaWVuY2UgTWFzdGVycyBQcm9qZWN0PC9oMj48L2I+PC9jZW50ZXI+IAo8Y2VudGVyPjxiPjxoMj5GaW5hbCBQcm9qZWN0IFJlcG9ydDwvaDI+PC9iPjwvY2VudGVyPgo8Y2VudGVyPjxiPjxoMz4wMy8wOS8yMDIxPC9oMz48L2I+PC9jZW50ZXI+CjxjZW50ZXI+PGI+PGgyPlByb3Zpc2lvbmluZyBBV1MgSW5mcmFzdHJ1Y3R1cmUgYXMgJ0luZnJhc3RydWN0dXJlIGFzIENvZGUnIHVzaW5nIFRlcnJhZm9ybTwvaDI+PC9iPjwvY2VudGVyPgo8cCBjbGFzcz1Nc29Ob3JtYWw+PG86cD4mbmJzcDs8L286cD48L3A+CjxwIGNsYXNzPU1zb05vcm1hbD5OYW1lOiA8c3BhbiBjbGFzcz1TcGVsbEU+S29tYWxpPC9zcGFuPiA8c3BhbiBjbGFzcz1TcGVsbEU+VGhhdHRpPC9zcGFuPjxvOnA+PC9vOnA+PC9wPgo8cCBjbGFzcz1Nc29Ob3JtYWw+U3R1ZGVudCBJRDogMTgwNTY3NTQ8bzpwPjwvbzpwPjwvcD4KPHAgY2xhc3M9TXNvTm9ybWFsPlN1cGVydmlzb3I6IE1pc3MgTWFyeWphbmUgQmVydHJhbmQ8bzpwPjwvbzpwPjwvcD4KPHAgY2xhc3M9TXNvTm9ybWFsPjxvOnA+Jm5ic3A7PC9vOnA+PC9wPgo8L2JvZHk+CjwvaHRtbD4KRU9GCgpzdWRvIHNlcnZpY2UgaHR0cGQgc3RhcnQK",
            "vpc_security_group_ids": null
          },
          "private": "bnVsbA==",
          "dependencies": [
            "aws_iam_instance_profile.node",
            "aws_iam_role.node",
            "aws_key_pair.komali_keypair",
            "aws_security_group.node",
            "aws_vpc.vpc"
          ]
        }
      ]
    },
    {
      "mode": "managed",
      "type": "aws_route_table",
      "name": "rt1",
      "provider": "provider[\"registry.terraform.io/hashicorp/aws\"]",
      "instances": [
        {
          "schema_version": 0,
          "attributes": {
            "arn": "arn:aws:ec2:eu-west-2:221353196223:route-table/rtb-0380ed99f1df6e81a",
            "id": "rtb-0380ed99f1df6e81a",
            "owner_id": "221353196223",
            "propagating_vgws": [],
            "route": [
              {
                "carrier_gateway_id": "",
                "cidr_block": "0.0.0.0/0",
                "destination_prefix_list_id": "",
                "egress_only_gateway_id": "",
                "gateway_id": "igw-095575ce04fba6727",
                "instance_id": "",
                "ipv6_cidr_block": "",
                "local_gateway_id": "",
                "nat_gateway_id": "",
                "network_interface_id": "",
                "transit_gateway_id": "",
                "vpc_endpoint_id": "",
                "vpc_peering_connection_id": ""
              }
            ],
            "tags": {
              "Name": "komali_msproject-MyRoute"
            },
            "tags_all": {
              "Name": "komali_msproject-MyRoute"
            },
            "vpc_id": "vpc-0ea711c60c4bc47a1"
          },
          "private": "bnVsbA==",
          "dependencies": [
            "aws_internet_gateway.internet_gateway",
            "aws_vpc.vpc"
          ]
        }
      ]
    },
    {
      "mode": "managed",
      "type": "aws_security_group",
      "name": "node",
      "provider": "provider[\"registry.terraform.io/hashicorp/aws\"]",
      "instances": [
        {
          "schema_version": 1,
          "attributes": {
            "arn": "arn:aws:ec2:eu-west-2:221353196223:security-group/sg-0e6158b5d07711789",
            "description": "Managed by Terraform",
            "egress": [],
            "id": "sg-0e6158b5d07711789",
            "ingress": [],
            "name": "komali_msproject-node",
            "name_prefix": "",
            "owner_id": "221353196223",
            "revoke_rules_on_delete": false,
            "tags": {
              "Name": "komali_msproject"
            },
            "tags_all": {
              "Name": "komali_msproject"
            },
            "timeouts": null,
            "vpc_id": "vpc-0ea711c60c4bc47a1"
          },
          "private": "eyJlMmJmYjczMC1lY2FhLTExZTYtOGY4OC0zNDM2M2JjN2M0YzAiOnsiY3JlYXRlIjo2MDAwMDAwMDAwMDAsImRlbGV0ZSI6OTAwMDAwMDAwMDAwfSwic2NoZW1hX3ZlcnNpb24iOiIxIn0=",
          "dependencies": [
            "aws_vpc.vpc"
          ]
        }
      ]
    },
    {
      "mode": "managed",
      "type": "aws_security_group_rule",
      "name": "node_egress",
      "provider": "provider[\"registry.terraform.io/hashicorp/aws\"]",
      "instances": [
        {
          "schema_version": 2,
          "attributes": {
            "cidr_blocks": [
              "0.0.0.0/0"
            ],
            "description": null,
            "from_port": 0,
            "id": "sgrule-2553801174",
            "ipv6_cidr_blocks": null,
            "prefix_list_ids": null,
            "protocol": "-1",
            "security_group_id": "sg-0e6158b5d07711789",
            "self": false,
            "source_security_group_id": null,
            "to_port": 0,
            "type": "egress"
          },
          "private": "eyJzY2hlbWFfdmVyc2lvbiI6IjIifQ==",
          "dependencies": [
            "aws_security_group.node",
            "aws_vpc.vpc"
          ]
        }
      ]
    },
    {
      "mode": "managed",
      "type": "aws_security_group_rule",
      "name": "node_ingress",
      "provider": "provider[\"registry.terraform.io/hashicorp/aws\"]",
      "instances": [
        {
          "schema_version": 2,
          "attributes": {
            "cidr_blocks": [
              "0.0.0.0/0"
            ],
            "description": null,
            "from_port": 0,
            "id": "sgrule-3978978140",
            "ipv6_cidr_blocks": null,
            "prefix_list_ids": null,
            "protocol": "-1",
            "security_group_id": "sg-0e6158b5d07711789",
            "self": false,
            "source_security_group_id": null,
            "to_port": 0,
            "type": "ingress"
          },
          "private": "eyJzY2hlbWFfdmVyc2lvbiI6IjIifQ==",
          "dependencies": [
            "aws_security_group.node",
            "aws_vpc.vpc"
          ]
        }
      ]
    },
    {
      "mode": "managed",
      "type": "aws_subnet",
      "name": "public",
      "provider": "provider[\"registry.terraform.io/hashicorp/aws\"]",
      "instances": [
        {
          "schema_version": 1,
          "attributes": {
            "arn": "arn:aws:ec2:eu-west-2:221353196223:subnet/subnet-07aeebe24b971303f",
            "assign_ipv6_address_on_creation": false,
            "availability_zone": "eu-west-2a",
            "availability_zone_id": "euw2-az2",
            "cidr_block": "10.100.100.0/24",
            "customer_owned_ipv4_pool": "",
            "id": "subnet-07aeebe24b971303f",
            "ipv6_cidr_block": "",
            "ipv6_cidr_block_association_id": "",
            "map_customer_owned_ip_on_launch": false,
            "map_public_ip_on_launch": false,
            "outpost_arn": "",
            "owner_id": "221353196223",
            "tags": {
              "Name": "komali_msproject"
            },
            "tags_all": {
              "Name": "komali_msproject"
            },
            "timeouts": null,
            "vpc_id": "vpc-0ea711c60c4bc47a1"
          },
          "private": "eyJlMmJmYjczMC1lY2FhLTExZTYtOGY4OC0zNDM2M2JjN2M0YzAiOnsiY3JlYXRlIjo2MDAwMDAwMDAwMDAsImRlbGV0ZSI6MTIwMDAwMDAwMDAwMH0sInNjaGVtYV92ZXJzaW9uIjoiMSJ9",
          "dependencies": [
            "aws_vpc.vpc"
          ]
        }
      ]
    },
    {
      "mode": "managed",
      "type": "aws_subnet",
      "name": "public1",
      "provider": "provider[\"registry.terraform.io/hashicorp/aws\"]",
      "instances": [
        {
          "schema_version": 1,
          "attributes": {
            "arn": "arn:aws:ec2:eu-west-2:221353196223:subnet/subnet-0c6e6395f6b656596",
            "assign_ipv6_address_on_creation": false,
            "availability_zone": "eu-west-2b",
            "availability_zone_id": "euw2-az3",
            "cidr_block": "10.100.200.0/24",
            "customer_owned_ipv4_pool": "",
            "id": "subnet-0c6e6395f6b656596",
            "ipv6_cidr_block": "",
            "ipv6_cidr_block_association_id": "",
            "map_customer_owned_ip_on_launch": false,
            "map_public_ip_on_launch": false,
            "outpost_arn": "",
            "owner_id": "221353196223",
            "tags": {
              "Name": "komali_msproject"
            },
            "tags_all": {
              "Name": "komali_msproject"
            },
            "timeouts": null,
            "vpc_id": "vpc-0ea711c60c4bc47a1"
          },
          "private": "eyJlMmJmYjczMC1lY2FhLTExZTYtOGY4OC0zNDM2M2JjN2M0YzAiOnsiY3JlYXRlIjo2MDAwMDAwMDAwMDAsImRlbGV0ZSI6MTIwMDAwMDAwMDAwMH0sInNjaGVtYV92ZXJzaW9uIjoiMSJ9",
          "dependencies": [
            "aws_vpc.vpc"
          ]
        }
      ]
    },
    {
      "mode": "managed",
      "type": "aws_vpc",
      "name": "vpc",
      "provider": "provider[\"registry.terraform.io/hashicorp/aws\"]",
      "instances": [
        {
          "schema_version": 1,
          "attributes": {
            "arn": "arn:aws:ec2:eu-west-2:221353196223:vpc/vpc-0ea711c60c4bc47a1",
            "assign_generated_ipv6_cidr_block": false,
            "cidr_block": "10.100.0.0/16",
            "default_network_acl_id": "acl-0058ee7b3ca4e6107",
            "default_route_table_id": "rtb-0e29f5c16d96c9dba",
            "default_security_group_id": "sg-0ea444a66ceba323f",
            "dhcp_options_id": "dopt-edc6ef85",
            "enable_classiclink": null,
            "enable_classiclink_dns_support": null,
            "enable_dns_hostnames": false,
            "enable_dns_support": true,
            "id": "vpc-0ea711c60c4bc47a1",
            "instance_tenancy": "default",
            "ipv6_association_id": "",
            "ipv6_cidr_block": "",
            "main_route_table_id": "rtb-0e29f5c16d96c9dba",
            "owner_id": "221353196223",
            "tags": {
              "Name": "komali_msproject"
            },
            "tags_all": {
              "Name": "komali_msproject"
            }
          },
          "private": "eyJzY2hlbWFfdmVyc2lvbiI6IjEifQ=="
        }
      ]
    }
  ]
}
